// !$*UTF8*$!
{
	archiveVersion = 1;
	classes = {
	};
	objectVersion = 56;
	objects = {

/* Begin PBXBuildFile section */
		E902D8DF2E1974DA00218EED /* LocationPickerView.swift in Sources */ = {isa = PBXBuildFile; fileRef = E902D8DE2E1974CC00218EED /* LocationPickerView.swift */; };
		E902D8E12E19756400218EED /* MapSelectorView.swift in Sources */ = {isa = PBXBuildFile; fileRef = E902D8E02E19755600218EED /* MapSelectorView.swift */; };
		E902D8E32E19AF8F00218EED /* Coordinates.swift in Sources */ = {isa = PBXBuildFile; fileRef = E902D8E22E19AF8B00218EED /* Coordinates.swift */; };
		E902D8E52E19B67200218EED /* Strings.swift in Sources */ = {isa = PBXBuildFile; fileRef = E902D8E42E19B66E00218EED /* Strings.swift */; };
		E96D53DA2E1A9A0F00ADB029 /* LocationManager.swift in Sources */ = {isa = PBXBuildFile; fileRef = E96D53D92E1A9A0F00ADB029 /* LocationManager.swift */; };
		E96D53DC2E1C034400ADB029 /* CLLocationCoordinate2D.swift in Sources */ = {isa = PBXBuildFile; fileRef = E96D53DB2E1C033900ADB029 /* CLLocationCoordinate2D.swift */; };
		E96D53DE2E1EECAF00ADB029 /* MKCoordinateRegion.swift in Sources */ = {isa = PBXBuildFile; fileRef = E96D53DD2E1EECAE00ADB029 /* MKCoordinateRegion.swift */; };
		E96D53E12E1EFE7F00ADB029 /* SearchBar.swift in Sources */ = {isa = PBXBuildFile; fileRef = E96D53E02E1EFE7900ADB029 /* SearchBar.swift */; };
		E96D53E32E20494600ADB029 /* SearchResult.swift in Sources */ = {isa = PBXBuildFile; fileRef = E96D53E22E20493C00ADB029 /* SearchResult.swift */; };
		E96D53E72E229C7C00ADB029 /* AddCategoryView.swift in Sources */ = {isa = PBXBuildFile; fileRef = E96D53E62E229C7C00ADB029 /* AddCategoryView.swift */; };
		E96D53EA2E22A0A400ADB029 /* PersistanceManager.swift in Sources */ = {isa = PBXBuildFile; fileRef = E96D53E92E22A09D00ADB029 /* PersistanceManager.swift */; };
		E96D53EC2E25392900ADB029 /* CustomRoundedRectangle.swift in Sources */ = {isa = PBXBuildFile; fileRef = E96D53EB2E25392100ADB029 /* CustomRoundedRectangle.swift */; };
		E9715A1A2E25933C008D0B4F /* MCEmojiPicker in Frameworks */ = {isa = PBXBuildFile; productRef = E9715A192E25933C008D0B4F /* MCEmojiPicker */; };
		E9715A1C2E25933C008D0B4F /* MCEmojiPickerJSON in Frameworks */ = {isa = PBXBuildFile; productRef = E9715A1B2E25933C008D0B4F /* MCEmojiPickerJSON */; };
		E97CC3312E0AEB14007B702E /* VisitListApp.swift in Sources */ = {isa = PBXBuildFile; fileRef = E97CC3302E0AEB14007B702E /* VisitListApp.swift */; };
		E97CC3332E0AEB14007B702E /* OnboardingView.swift in Sources */ = {isa = PBXBuildFile; fileRef = E97CC3322E0AEB14007B702E /* OnboardingView.swift */; };
		E97CC3352E0AEB14007B702E /* WishlistLocation.swift in Sources */ = {isa = PBXBuildFile; fileRef = E97CC3342E0AEB14007B702E /* WishlistLocation.swift */; };
		E97CC3372E0AEB1A007B702E /* Assets.xcassets in Resources */ = {isa = PBXBuildFile; fileRef = E97CC3362E0AEB1A007B702E /* Assets.xcassets */; };
		E97CC33A2E0AEB1A007B702E /* Preview Assets.xcassets in Resources */ = {isa = PBXBuildFile; fileRef = E97CC3392E0AEB1A007B702E /* Preview Assets.xcassets */; };
		E97CC3442E0AEB1A007B702E /* VisitListTests.swift in Sources */ = {isa = PBXBuildFile; fileRef = E97CC3432E0AEB1A007B702E /* VisitListTests.swift */; };
		E97CC34E2E0AEB1A007B702E /* VisitListUITests.swift in Sources */ = {isa = PBXBuildFile; fileRef = E97CC34D2E0AEB1A007B702E /* VisitListUITests.swift */; };
		E97CC3502E0AEB1A007B702E /* VisitListUITestsLaunchTests.swift in Sources */ = {isa = PBXBuildFile; fileRef = E97CC34F2E0AEB1A007B702E /* VisitListUITestsLaunchTests.swift */; };
		E97CC35E2E0B0A67007B702E /* ColourUsage.swift in Sources */ = {isa = PBXBuildFile; fileRef = E97CC35D2E0B0A67007B702E /* ColourUsage.swift */; };
		E97CC3612E0B0B0E007B702E /* Colour+.swift in Sources */ = {isa = PBXBuildFile; fileRef = E97CC3602E0B0B0E007B702E /* Colour+.swift */; };
		E97CC3672E0F235D007B702E /* WelcomeView.swift in Sources */ = {isa = PBXBuildFile; fileRef = E97CC3662E0F235D007B702E /* WelcomeView.swift */; };
		E97CC36B2E0F348A007B702E /* HomeView.swift in Sources */ = {isa = PBXBuildFile; fileRef = E97CC36A2E0F348A007B702E /* HomeView.swift */; };
		E97CC36F2E0FD92F007B702E /* HomeTabs.swift in Sources */ = {isa = PBXBuildFile; fileRef = E97CC36E2E0FD92F007B702E /* HomeTabs.swift */; };
		E97CC3722E101918007B702E /* OnboardingViewModel.swift in Sources */ = {isa = PBXBuildFile; fileRef = E97CC3712E101918007B702E /* OnboardingViewModel.swift */; };
		E97CC3742E10256D007B702E /* HomeViewModel.swift in Sources */ = {isa = PBXBuildFile; fileRef = E97CC3732E10256D007B702E /* HomeViewModel.swift */; };
		E97CC3772E1030E7007B702E /* Category.swift in Sources */ = {isa = PBXBuildFile; fileRef = E97CC3762E1030E7007B702E /* Category.swift */; };
		E97CC37A2E103519007B702E /* WanderListView.swift in Sources */ = {isa = PBXBuildFile; fileRef = E97CC3792E103519007B702E /* WanderListView.swift */; };
		E97CC37D2E1035BE007B702E /* WanderListVM.swift in Sources */ = {isa = PBXBuildFile; fileRef = E97CC37C2E1035BE007B702E /* WanderListVM.swift */; };
		E97CC37F2E11A84E007B702E /* FilterView.swift in Sources */ = {isa = PBXBuildFile; fileRef = E97CC37E2E11A84D007B702E /* FilterView.swift */; };
		E97CC3812E12C68D007B702E /* WanderListCellView.swift in Sources */ = {isa = PBXBuildFile; fileRef = E97CC3802E12C68D007B702E /* WanderListCellView.swift */; };
		E97CC3832E159560007B702E /* AddWishlistLocationView.swift in Sources */ = {isa = PBXBuildFile; fileRef = E97CC3822E159560007B702E /* AddWishlistLocationView.swift */; };
		E97CC3852E159918007B702E /* HorizontalDottedLine.swift in Sources */ = {isa = PBXBuildFile; fileRef = E97CC3842E159918007B702E /* HorizontalDottedLine.swift */; };
		E97CC3872E1599E4007B702E /* VerticalDottedLine.swift in Sources */ = {isa = PBXBuildFile; fileRef = E97CC3862E1599E4007B702E /* VerticalDottedLine.swift */; };
/* End PBXBuildFile section */

/* Begin PBXContainerItemProxy section */
		E97CC3402E0AEB1A007B702E /* PBXContainerItemProxy */ = {
			isa = PBXContainerItemProxy;
			containerPortal = E97CC3252E0AEB14007B702E /* Project object */;
			proxyType = 1;
			remoteGlobalIDString = E97CC32C2E0AEB14007B702E;
			remoteInfo = VisitList;
		};
		E97CC34A2E0AEB1A007B702E /* PBXContainerItemProxy */ = {
			isa = PBXContainerItemProxy;
			containerPortal = E97CC3252E0AEB14007B702E /* Project object */;
			proxyType = 1;
			remoteGlobalIDString = E97CC32C2E0AEB14007B702E;
			remoteInfo = VisitList;
		};
/* End PBXContainerItemProxy section */

/* Begin PBXFileReference section */
		E902D8DE2E1974CC00218EED /* LocationPickerView.swift */ = {isa = PBXFileReference; lastKnownFileType = sourcecode.swift; path = LocationPickerView.swift; sourceTree = "<group>"; };
		E902D8E02E19755600218EED /* MapSelectorView.swift */ = {isa = PBXFileReference; lastKnownFileType = sourcecode.swift; path = MapSelectorView.swift; sourceTree = "<group>"; };
		E902D8E22E19AF8B00218EED /* Coordinates.swift */ = {isa = PBXFileReference; lastKnownFileType = sourcecode.swift; path = Coordinates.swift; sourceTree = "<group>"; };
		E902D8E42E19B66E00218EED /* Strings.swift */ = {isa = PBXFileReference; lastKnownFileType = sourcecode.swift; path = Strings.swift; sourceTree = "<group>"; };
		E96D53D92E1A9A0F00ADB029 /* LocationManager.swift */ = {isa = PBXFileReference; lastKnownFileType = sourcecode.swift; path = LocationManager.swift; sourceTree = "<group>"; };
		E96D53DB2E1C033900ADB029 /* CLLocationCoordinate2D.swift */ = {isa = PBXFileReference; lastKnownFileType = sourcecode.swift; path = CLLocationCoordinate2D.swift; sourceTree = "<group>"; };
		E96D53DD2E1EECAE00ADB029 /* MKCoordinateRegion.swift */ = {isa = PBXFileReference; lastKnownFileType = sourcecode.swift; path = MKCoordinateRegion.swift; sourceTree = "<group>"; };
		E96D53E02E1EFE7900ADB029 /* SearchBar.swift */ = {isa = PBXFileReference; lastKnownFileType = sourcecode.swift; path = SearchBar.swift; sourceTree = "<group>"; };
		E96D53E22E20493C00ADB029 /* SearchResult.swift */ = {isa = PBXFileReference; lastKnownFileType = sourcecode.swift; path = SearchResult.swift; sourceTree = "<group>"; };
		E96D53E62E229C7C00ADB029 /* AddCategoryView.swift */ = {isa = PBXFileReference; lastKnownFileType = sourcecode.swift; path = AddCategoryView.swift; sourceTree = "<group>"; };
		E96D53E92E22A09D00ADB029 /* PersistanceManager.swift */ = {isa = PBXFileReference; lastKnownFileType = sourcecode.swift; path = PersistanceManager.swift; sourceTree = "<group>"; };
		E96D53EB2E25392100ADB029 /* CustomRoundedRectangle.swift */ = {isa = PBXFileReference; lastKnownFileType = sourcecode.swift; path = CustomRoundedRectangle.swift; sourceTree = "<group>"; };
		E97CC32D2E0AEB14007B702E /* VisitList.app */ = {isa = PBXFileReference; explicitFileType = wrapper.application; includeInIndex = 0; path = VisitList.app; sourceTree = BUILT_PRODUCTS_DIR; };
		E97CC3302E0AEB14007B702E /* VisitListApp.swift */ = {isa = PBXFileReference; lastKnownFileType = sourcecode.swift; path = VisitListApp.swift; sourceTree = "<group>"; };
		E97CC3322E0AEB14007B702E /* OnboardingView.swift */ = {isa = PBXFileReference; lastKnownFileType = sourcecode.swift; path = OnboardingView.swift; sourceTree = "<group>"; };
		E97CC3342E0AEB14007B702E /* WishlistLocation.swift */ = {isa = PBXFileReference; lastKnownFileType = sourcecode.swift; path = WishlistLocation.swift; sourceTree = "<group>"; };
		E97CC3362E0AEB1A007B702E /* Assets.xcassets */ = {isa = PBXFileReference; lastKnownFileType = folder.assetcatalog; path = Assets.xcassets; sourceTree = "<group>"; };
		E97CC3392E0AEB1A007B702E /* Preview Assets.xcassets */ = {isa = PBXFileReference; lastKnownFileType = folder.assetcatalog; path = "Preview Assets.xcassets"; sourceTree = "<group>"; };
		E97CC33F2E0AEB1A007B702E /* VisitListTests.xctest */ = {isa = PBXFileReference; explicitFileType = wrapper.cfbundle; includeInIndex = 0; path = VisitListTests.xctest; sourceTree = BUILT_PRODUCTS_DIR; };
		E97CC3432E0AEB1A007B702E /* VisitListTests.swift */ = {isa = PBXFileReference; lastKnownFileType = sourcecode.swift; path = VisitListTests.swift; sourceTree = "<group>"; };
		E97CC3492E0AEB1A007B702E /* VisitListUITests.xctest */ = {isa = PBXFileReference; explicitFileType = wrapper.cfbundle; includeInIndex = 0; path = VisitListUITests.xctest; sourceTree = BUILT_PRODUCTS_DIR; };
		E97CC34D2E0AEB1A007B702E /* VisitListUITests.swift */ = {isa = PBXFileReference; lastKnownFileType = sourcecode.swift; path = VisitListUITests.swift; sourceTree = "<group>"; };
		E97CC34F2E0AEB1A007B702E /* VisitListUITestsLaunchTests.swift */ = {isa = PBXFileReference; lastKnownFileType = sourcecode.swift; path = VisitListUITestsLaunchTests.swift; sourceTree = "<group>"; };
		E97CC35D2E0B0A67007B702E /* ColourUsage.swift */ = {isa = PBXFileReference; lastKnownFileType = sourcecode.swift; path = ColourUsage.swift; sourceTree = "<group>"; };
		E97CC3602E0B0B0E007B702E /* Colour+.swift */ = {isa = PBXFileReference; lastKnownFileType = sourcecode.swift; path = "Colour+.swift"; sourceTree = "<group>"; };
		E97CC3662E0F235D007B702E /* WelcomeView.swift */ = {isa = PBXFileReference; lastKnownFileType = sourcecode.swift; path = WelcomeView.swift; sourceTree = "<group>"; };
		E97CC36A2E0F348A007B702E /* HomeView.swift */ = {isa = PBXFileReference; lastKnownFileType = sourcecode.swift; path = HomeView.swift; sourceTree = "<group>"; };
		E97CC36E2E0FD92F007B702E /* HomeTabs.swift */ = {isa = PBXFileReference; lastKnownFileType = sourcecode.swift; path = HomeTabs.swift; sourceTree = "<group>"; };
		E97CC3712E101918007B702E /* OnboardingViewModel.swift */ = {isa = PBXFileReference; lastKnownFileType = sourcecode.swift; path = OnboardingViewModel.swift; sourceTree = "<group>"; };
		E97CC3732E10256D007B702E /* HomeViewModel.swift */ = {isa = PBXFileReference; lastKnownFileType = sourcecode.swift; path = HomeViewModel.swift; sourceTree = "<group>"; };
		E97CC3762E1030E7007B702E /* Category.swift */ = {isa = PBXFileReference; lastKnownFileType = sourcecode.swift; path = Category.swift; sourceTree = "<group>"; };
		E97CC3792E103519007B702E /* WanderListView.swift */ = {isa = PBXFileReference; lastKnownFileType = sourcecode.swift; path = WanderListView.swift; sourceTree = "<group>"; };
		E97CC37C2E1035BE007B702E /* WanderListVM.swift */ = {isa = PBXFileReference; lastKnownFileType = sourcecode.swift; path = WanderListVM.swift; sourceTree = "<group>"; };
		E97CC37E2E11A84D007B702E /* FilterView.swift */ = {isa = PBXFileReference; lastKnownFileType = sourcecode.swift; path = FilterView.swift; sourceTree = "<group>"; };
		E97CC3802E12C68D007B702E /* WanderListCellView.swift */ = {isa = PBXFileReference; lastKnownFileType = sourcecode.swift; path = WanderListCellView.swift; sourceTree = "<group>"; };
		E97CC3822E159560007B702E /* AddWishlistLocationView.swift */ = {isa = PBXFileReference; lastKnownFileType = sourcecode.swift; path = AddWishlistLocationView.swift; sourceTree = "<group>"; };
		E97CC3842E159918007B702E /* HorizontalDottedLine.swift */ = {isa = PBXFileReference; lastKnownFileType = sourcecode.swift; path = HorizontalDottedLine.swift; sourceTree = "<group>"; };
		E97CC3862E1599E4007B702E /* VerticalDottedLine.swift */ = {isa = PBXFileReference; lastKnownFileType = sourcecode.swift; path = VerticalDottedLine.swift; sourceTree = "<group>"; };
/* End PBXFileReference section */

/* Begin PBXFrameworksBuildPhase section */
		E97CC32A2E0AEB14007B702E /* Frameworks */ = {
			isa = PBXFrameworksBuildPhase;
			buildActionMask = 2147483647;
			files = (
				E9715A1A2E25933C008D0B4F /* MCEmojiPicker in Frameworks */,
				E9715A1C2E25933C008D0B4F /* MCEmojiPickerJSON in Frameworks */,
			);
			runOnlyForDeploymentPostprocessing = 0;
		};
		E97CC33C2E0AEB1A007B702E /* Frameworks */ = {
			isa = PBXFrameworksBuildPhase;
			buildActionMask = 2147483647;
			files = (
			);
			runOnlyForDeploymentPostprocessing = 0;
		};
		E97CC3462E0AEB1A007B702E /* Frameworks */ = {
			isa = PBXFrameworksBuildPhase;
			buildActionMask = 2147483647;
			files = (
			);
			runOnlyForDeploymentPostprocessing = 0;
		};
/* End PBXFrameworksBuildPhase section */

/* Begin PBXGroup section */
		E96D53DF2E1EFE7300ADB029 /* Components */ = {
			isa = PBXGroup;
			children = (
				E96D53EB2E25392100ADB029 /* CustomRoundedRectangle.swift */,
				E96D53E02E1EFE7900ADB029 /* SearchBar.swift */,
				E97CC3862E1599E4007B702E /* VerticalDottedLine.swift */,
				E97CC3842E159918007B702E /* HorizontalDottedLine.swift */,
			);
			path = Components;
			sourceTree = "<group>";
		};
		E96D53E82E22A08300ADB029 /* Managers */ = {
			isa = PBXGroup;
			children = (
				E96D53E92E22A09D00ADB029 /* PersistanceManager.swift */,
				E96D53D92E1A9A0F00ADB029 /* LocationManager.swift */,
			);
			path = Managers;
			sourceTree = "<group>";
		};
		E97CC3242E0AEB14007B702E = {
			isa = PBXGroup;
			children = (
				E97CC32F2E0AEB14007B702E /* VisitList */,
				E97CC3422E0AEB1A007B702E /* VisitListTests */,
				E97CC34C2E0AEB1A007B702E /* VisitListUITests */,
				E97CC32E2E0AEB14007B702E /* Products */,
			);
			sourceTree = "<group>";
		};
		E97CC32E2E0AEB14007B702E /* Products */ = {
			isa = PBXGroup;
			children = (
				E97CC32D2E0AEB14007B702E /* VisitList.app */,
				E97CC33F2E0AEB1A007B702E /* VisitListTests.xctest */,
				E97CC3492E0AEB1A007B702E /* VisitListUITests.xctest */,
			);
			name = Products;
			sourceTree = "<group>";
		};
		E97CC32F2E0AEB14007B702E /* VisitList */ = {
			isa = PBXGroup;
			children = (
				E96D53E82E22A08300ADB029 /* Managers */,
				E97CC35F2E0B0AFC007B702E /* Extensions */,
				E97CC35C2E0B0A3B007B702E /* Resources */,
				E97CC3302E0AEB14007B702E /* VisitListApp.swift */,
				E97CC3752E102C2B007B702E /* Models */,
				E97CC3682E0F2BD0007B702E /* Views */,
				E97CC36C2E0FD90A007B702E /* ViewModels */,
				E97CC3382E0AEB1A007B702E /* Preview Content */,
			);
			path = VisitList;
			sourceTree = "<group>";
		};
		E97CC3382E0AEB1A007B702E /* Preview Content */ = {
			isa = PBXGroup;
			children = (
				E97CC3392E0AEB1A007B702E /* Preview Assets.xcassets */,
			);
			path = "Preview Content";
			sourceTree = "<group>";
		};
		E97CC3422E0AEB1A007B702E /* VisitListTests */ = {
			isa = PBXGroup;
			children = (
				E97CC3432E0AEB1A007B702E /* VisitListTests.swift */,
			);
			path = VisitListTests;
			sourceTree = "<group>";
		};
		E97CC34C2E0AEB1A007B702E /* VisitListUITests */ = {
			isa = PBXGroup;
			children = (
				E97CC34D2E0AEB1A007B702E /* VisitListUITests.swift */,
				E97CC34F2E0AEB1A007B702E /* VisitListUITestsLaunchTests.swift */,
			);
			path = VisitListUITests;
			sourceTree = "<group>";
		};
		E97CC35C2E0B0A3B007B702E /* Resources */ = {
			isa = PBXGroup;
			children = (
				E902D8E42E19B66E00218EED /* Strings.swift */,
				E97CC3362E0AEB1A007B702E /* Assets.xcassets */,
				E97CC35D2E0B0A67007B702E /* ColourUsage.swift */,
			);
			path = Resources;
			sourceTree = "<group>";
		};
		E97CC35F2E0B0AFC007B702E /* Extensions */ = {
			isa = PBXGroup;
			children = (
				E96D53DD2E1EECAE00ADB029 /* MKCoordinateRegion.swift */,
				E96D53DB2E1C033900ADB029 /* CLLocationCoordinate2D.swift */,
				E97CC3602E0B0B0E007B702E /* Colour+.swift */,
			);
			path = Extensions;
			sourceTree = "<group>";
		};
		E97CC3652E0F2346007B702E /* Onboarding */ = {
			isa = PBXGroup;
			children = (
				E97CC3322E0AEB14007B702E /* OnboardingView.swift */,
				E97CC3662E0F235D007B702E /* WelcomeView.swift */,
			);
			path = Onboarding;
			sourceTree = "<group>";
		};
		E97CC3682E0F2BD0007B702E /* Views */ = {
			isa = PBXGroup;
			children = (
				E96D53DF2E1EFE7300ADB029 /* Components */,
				E97CC3652E0F2346007B702E /* Onboarding */,
				E97CC3692E0F2BD9007B702E /* Home */,
			);
			path = Views;
			sourceTree = "<group>";
		};
		E97CC3692E0F2BD9007B702E /* Home */ = {
			isa = PBXGroup;
			children = (
				E97CC3782E1033FE007B702E /* WanderList */,
				E97CC36A2E0F348A007B702E /* HomeView.swift */,
			);
			path = Home;
			sourceTree = "<group>";
		};
		E97CC36C2E0FD90A007B702E /* ViewModels */ = {
			isa = PBXGroup;
			children = (
				E97CC37B2E1035A2007B702E /* WanderList */,
				E97CC3702E101900007B702E /* Onboarding */,
				E97CC36D2E0FD916007B702E /* Home */,
			);
			path = ViewModels;
			sourceTree = "<group>";
		};
		E97CC36D2E0FD916007B702E /* Home */ = {
			isa = PBXGroup;
			children = (
				E97CC36E2E0FD92F007B702E /* HomeTabs.swift */,
				E97CC3732E10256D007B702E /* HomeViewModel.swift */,
			);
			path = Home;
			sourceTree = "<group>";
		};
		E97CC3702E101900007B702E /* Onboarding */ = {
			isa = PBXGroup;
			children = (
				E97CC3712E101918007B702E /* OnboardingViewModel.swift */,
			);
			path = Onboarding;
			sourceTree = "<group>";
		};
		E97CC3752E102C2B007B702E /* Models */ = {
			isa = PBXGroup;
			children = (
				E96D53E22E20493C00ADB029 /* SearchResult.swift */,
				E902D8E22E19AF8B00218EED /* Coordinates.swift */,
				E97CC3342E0AEB14007B702E /* WishlistLocation.swift */,
				E97CC3762E1030E7007B702E /* Category.swift */,
			);
			path = Models;
			sourceTree = "<group>";
		};
		E97CC3782E1033FE007B702E /* WanderList */ = {
			isa = PBXGroup;
			children = (
				E902D8E02E19755600218EED /* MapSelectorView.swift */,
				E902D8DE2E1974CC00218EED /* LocationPickerView.swift */,
				E97CC3792E103519007B702E /* WanderListView.swift */,
				E97CC37E2E11A84D007B702E /* FilterView.swift */,
				E97CC3802E12C68D007B702E /* WanderListCellView.swift */,
				E97CC3822E159560007B702E /* AddWishlistLocationView.swift */,
				E96D53E62E229C7C00ADB029 /* AddCategoryView.swift */,
			);
			path = WanderList;
			sourceTree = "<group>";
		};
		E97CC37B2E1035A2007B702E /* WanderList */ = {
			isa = PBXGroup;
			children = (
				E97CC37C2E1035BE007B702E /* WanderListVM.swift */,
			);
			path = WanderList;
			sourceTree = "<group>";
		};
/* End PBXGroup section */

/* Begin PBXNativeTarget section */
		E97CC32C2E0AEB14007B702E /* VisitList */ = {
			isa = PBXNativeTarget;
			buildConfigurationList = E97CC3532E0AEB1A007B702E /* Build configuration list for PBXNativeTarget "VisitList" */;
			buildPhases = (
				E97CC3292E0AEB14007B702E /* Sources */,
				E97CC32A2E0AEB14007B702E /* Frameworks */,
				E97CC32B2E0AEB14007B702E /* Resources */,
			);
			buildRules = (
			);
			dependencies = (
			);
			name = VisitList;
			productName = VisitList;
			productReference = E97CC32D2E0AEB14007B702E /* VisitList.app */;
			productType = "com.apple.product-type.application";
		};
		E97CC33E2E0AEB1A007B702E /* VisitListTests */ = {
			isa = PBXNativeTarget;
			buildConfigurationList = E97CC3562E0AEB1A007B702E /* Build configuration list for PBXNativeTarget "VisitListTests" */;
			buildPhases = (
				E97CC33B2E0AEB1A007B702E /* Sources */,
				E97CC33C2E0AEB1A007B702E /* Frameworks */,
				E97CC33D2E0AEB1A007B702E /* Resources */,
			);
			buildRules = (
			);
			dependencies = (
				E97CC3412E0AEB1A007B702E /* PBXTargetDependency */,
			);
			name = VisitListTests;
			productName = VisitListTests;
			productReference = E97CC33F2E0AEB1A007B702E /* VisitListTests.xctest */;
			productType = "com.apple.product-type.bundle.unit-test";
		};
		E97CC3482E0AEB1A007B702E /* VisitListUITests */ = {
			isa = PBXNativeTarget;
			buildConfigurationList = E97CC3592E0AEB1A007B702E /* Build configuration list for PBXNativeTarget "VisitListUITests" */;
			buildPhases = (
				E97CC3452E0AEB1A007B702E /* Sources */,
				E97CC3462E0AEB1A007B702E /* Frameworks */,
				E97CC3472E0AEB1A007B702E /* Resources */,
			);
			buildRules = (
			);
			dependencies = (
				E97CC34B2E0AEB1A007B702E /* PBXTargetDependency */,
			);
			name = VisitListUITests;
			productName = VisitListUITests;
			productReference = E97CC3492E0AEB1A007B702E /* VisitListUITests.xctest */;
			productType = "com.apple.product-type.bundle.ui-testing";
		};
/* End PBXNativeTarget section */

/* Begin PBXProject section */
		E97CC3252E0AEB14007B702E /* Project object */ = {
			isa = PBXProject;
			attributes = {
				BuildIndependentTargetsInParallel = 1;
				LastSwiftUpdateCheck = 1540;
				LastUpgradeCheck = 1540;
				TargetAttributes = {
					E97CC32C2E0AEB14007B702E = {
						CreatedOnToolsVersion = 15.4;
					};
					E97CC33E2E0AEB1A007B702E = {
						CreatedOnToolsVersion = 15.4;
						TestTargetID = E97CC32C2E0AEB14007B702E;
					};
					E97CC3482E0AEB1A007B702E = {
						CreatedOnToolsVersion = 15.4;
						TestTargetID = E97CC32C2E0AEB14007B702E;
					};
				};
			};
			buildConfigurationList = E97CC3282E0AEB14007B702E /* Build configuration list for PBXProject "VisitList" */;
			compatibilityVersion = "Xcode 14.0";
			developmentRegion = en;
			hasScannedForEncodings = 0;
			knownRegions = (
				en,
				Base,
			);
			mainGroup = E97CC3242E0AEB14007B702E;
			packageReferences = (
				E9715A182E25933C008D0B4F /* XCRemoteSwiftPackageReference "MCEmojiPicker" */,
			);
			productRefGroup = E97CC32E2E0AEB14007B702E /* Products */;
			projectDirPath = "";
			projectRoot = "";
			targets = (
				E97CC32C2E0AEB14007B702E /* VisitList */,
				E97CC33E2E0AEB1A007B702E /* VisitListTests */,
				E97CC3482E0AEB1A007B702E /* VisitListUITests */,
			);
		};
/* End PBXProject section */

/* Begin PBXResourcesBuildPhase section */
		E97CC32B2E0AEB14007B702E /* Resources */ = {
			isa = PBXResourcesBuildPhase;
			buildActionMask = 2147483647;
			files = (
				E97CC33A2E0AEB1A007B702E /* Preview Assets.xcassets in Resources */,
				E97CC3372E0AEB1A007B702E /* Assets.xcassets in Resources */,
			);
			runOnlyForDeploymentPostprocessing = 0;
		};
		E97CC33D2E0AEB1A007B702E /* Resources */ = {
			isa = PBXResourcesBuildPhase;
			buildActionMask = 2147483647;
			files = (
			);
			runOnlyForDeploymentPostprocessing = 0;
		};
		E97CC3472E0AEB1A007B702E /* Resources */ = {
			isa = PBXResourcesBuildPhase;
			buildActionMask = 2147483647;
			files = (
			);
			runOnlyForDeploymentPostprocessing = 0;
		};
/* End PBXResourcesBuildPhase section */

/* Begin PBXSourcesBuildPhase section */
		E97CC3292E0AEB14007B702E /* Sources */ = {
			isa = PBXSourcesBuildPhase;
			buildActionMask = 2147483647;
			files = (
				E97CC37F2E11A84E007B702E /* FilterView.swift in Sources */,
				E902D8DF2E1974DA00218EED /* LocationPickerView.swift in Sources */,
				E97CC3332E0AEB14007B702E /* OnboardingView.swift in Sources */,
				E97CC36B2E0F348A007B702E /* HomeView.swift in Sources */,
				E96D53EA2E22A0A400ADB029 /* PersistanceManager.swift in Sources */,
				E97CC3672E0F235D007B702E /* WelcomeView.swift in Sources */,
				E96D53EC2E25392900ADB029 /* CustomRoundedRectangle.swift in Sources */,
				E96D53DC2E1C034400ADB029 /* CLLocationCoordinate2D.swift in Sources */,
				E96D53DE2E1EECAF00ADB029 /* MKCoordinateRegion.swift in Sources */,
				E97CC37A2E103519007B702E /* WanderListView.swift in Sources */,
				E97CC3812E12C68D007B702E /* WanderListCellView.swift in Sources */,
				E96D53DA2E1A9A0F00ADB029 /* LocationManager.swift in Sources */,
				E96D53E32E20494600ADB029 /* SearchResult.swift in Sources */,
				E902D8E32E19AF8F00218EED /* Coordinates.swift in Sources */,
				E97CC3742E10256D007B702E /* HomeViewModel.swift in Sources */,
				E97CC3612E0B0B0E007B702E /* Colour+.swift in Sources */,
				E96D53E72E229C7C00ADB029 /* AddCategoryView.swift in Sources */,
				E96D53E12E1EFE7F00ADB029 /* SearchBar.swift in Sources */,
				E97CC3722E101918007B702E /* OnboardingViewModel.swift in Sources */,
				E97CC3872E1599E4007B702E /* VerticalDottedLine.swift in Sources */,
				E97CC37D2E1035BE007B702E /* WanderListVM.swift in Sources */,
				E97CC36F2E0FD92F007B702E /* HomeTabs.swift in Sources */,
				E97CC35E2E0B0A67007B702E /* ColourUsage.swift in Sources */,
				E97CC3852E159918007B702E /* HorizontalDottedLine.swift in Sources */,
				E97CC3832E159560007B702E /* AddWishlistLocationView.swift in Sources */,
				E97CC3352E0AEB14007B702E /* WishlistLocation.swift in Sources */,
				E97CC3312E0AEB14007B702E /* VisitListApp.swift in Sources */,
				E902D8E12E19756400218EED /* MapSelectorView.swift in Sources */,
				E97CC3772E1030E7007B702E /* Category.swift in Sources */,
				E902D8E52E19B67200218EED /* Strings.swift in Sources */,
			);
			runOnlyForDeploymentPostprocessing = 0;
		};
		E97CC33B2E0AEB1A007B702E /* Sources */ = {
			isa = PBXSourcesBuildPhase;
			buildActionMask = 2147483647;
			files = (
				E97CC3442E0AEB1A007B702E /* VisitListTests.swift in Sources */,
			);
			runOnlyForDeploymentPostprocessing = 0;
		};
		E97CC3452E0AEB1A007B702E /* Sources */ = {
			isa = PBXSourcesBuildPhase;
			buildActionMask = 2147483647;
			files = (
				E97CC3502E0AEB1A007B702E /* VisitListUITestsLaunchTests.swift in Sources */,
				E97CC34E2E0AEB1A007B702E /* VisitListUITests.swift in Sources */,
			);
			runOnlyForDeploymentPostprocessing = 0;
		};
/* End PBXSourcesBuildPhase section */

/* Begin PBXTargetDependency section */
		E97CC3412E0AEB1A007B702E /* PBXTargetDependency */ = {
			isa = PBXTargetDependency;
			target = E97CC32C2E0AEB14007B702E /* VisitList */;
			targetProxy = E97CC3402E0AEB1A007B702E /* PBXContainerItemProxy */;
		};
		E97CC34B2E0AEB1A007B702E /* PBXTargetDependency */ = {
			isa = PBXTargetDependency;
			target = E97CC32C2E0AEB14007B702E /* VisitList */;
			targetProxy = E97CC34A2E0AEB1A007B702E /* PBXContainerItemProxy */;
		};
/* End PBXTargetDependency section */

/* Begin XCBuildConfiguration section */
		E97CC3512E0AEB1A007B702E /* Debug */ = {
			isa = XCBuildConfiguration;
			buildSettings = {
				ALWAYS_SEARCH_USER_PATHS = NO;
				ASSETCATALOG_COMPILER_GENERATE_SWIFT_ASSET_SYMBOL_EXTENSIONS = YES;
				CLANG_ANALYZER_NONNULL = YES;
				CLANG_ANALYZER_NUMBER_OBJECT_CONVERSION = YES_AGGRESSIVE;
				CLANG_CXX_LANGUAGE_STANDARD = "gnu++20";
				CLANG_ENABLE_MODULES = YES;
				CLANG_ENABLE_OBJC_ARC = YES;
				CLANG_ENABLE_OBJC_WEAK = YES;
				CLANG_WARN_BLOCK_CAPTURE_AUTORELEASING = YES;
				CLANG_WARN_BOOL_CONVERSION = YES;
				CLANG_WARN_COMMA = YES;
				CLANG_WARN_CONSTANT_CONVERSION = YES;
				CLANG_WARN_DEPRECATED_OBJC_IMPLEMENTATIONS = YES;
				CLANG_WARN_DIRECT_OBJC_ISA_USAGE = YES_ERROR;
				CLANG_WARN_DOCUMENTATION_COMMENTS = YES;
				CLANG_WARN_EMPTY_BODY = YES;
				CLANG_WARN_ENUM_CONVERSION = YES;
				CLANG_WARN_INFINITE_RECURSION = YES;
				CLANG_WARN_INT_CONVERSION = YES;
				CLANG_WARN_NON_LITERAL_NULL_CONVERSION = YES;
				CLANG_WARN_OBJC_IMPLICIT_RETAIN_SELF = YES;
				CLANG_WARN_OBJC_LITERAL_CONVERSION = YES;
				CLANG_WARN_OBJC_ROOT_CLASS = YES_ERROR;
				CLANG_WARN_QUOTED_INCLUDE_IN_FRAMEWORK_HEADER = YES;
				CLANG_WARN_RANGE_LOOP_ANALYSIS = YES;
				CLANG_WARN_STRICT_PROTOTYPES = YES;
				CLANG_WARN_SUSPICIOUS_MOVE = YES;
				CLANG_WARN_UNGUARDED_AVAILABILITY = YES_AGGRESSIVE;
				CLANG_WARN_UNREACHABLE_CODE = YES;
				CLANG_WARN__DUPLICATE_METHOD_MATCH = YES;
				COPY_PHASE_STRIP = NO;
				DEBUG_INFORMATION_FORMAT = dwarf;
				ENABLE_STRICT_OBJC_MSGSEND = YES;
				ENABLE_TESTABILITY = YES;
				ENABLE_USER_SCRIPT_SANDBOXING = YES;
				GCC_C_LANGUAGE_STANDARD = gnu17;
				GCC_DYNAMIC_NO_PIC = NO;
				GCC_NO_COMMON_BLOCKS = YES;
				GCC_OPTIMIZATION_LEVEL = 0;
				GCC_PREPROCESSOR_DEFINITIONS = (
					"DEBUG=1",
					"$(inherited)",
				);
				GCC_WARN_64_TO_32_BIT_CONVERSION = YES;
				GCC_WARN_ABOUT_RETURN_TYPE = YES_ERROR;
				GCC_WARN_UNDECLARED_SELECTOR = YES;
				GCC_WARN_UNINITIALIZED_AUTOS = YES_AGGRESSIVE;
				GCC_WARN_UNUSED_FUNCTION = YES;
				GCC_WARN_UNUSED_VARIABLE = YES;
				IPHONEOS_DEPLOYMENT_TARGET = 17.5;
				LOCALIZATION_PREFERS_STRING_CATALOGS = YES;
				MTL_ENABLE_DEBUG_INFO = INCLUDE_SOURCE;
				MTL_FAST_MATH = YES;
				ONLY_ACTIVE_ARCH = YES;
				SDKROOT = iphoneos;
				SWIFT_ACTIVE_COMPILATION_CONDITIONS = "DEBUG $(inherited)";
				SWIFT_OPTIMIZATION_LEVEL = "-Onone";
			};
			name = Debug;
		};
		E97CC3522E0AEB1A007B702E /* Release */ = {
			isa = XCBuildConfiguration;
			buildSettings = {
				ALWAYS_SEARCH_USER_PATHS = NO;
				ASSETCATALOG_COMPILER_GENERATE_SWIFT_ASSET_SYMBOL_EXTENSIONS = YES;
				CLANG_ANALYZER_NONNULL = YES;
				CLANG_ANALYZER_NUMBER_OBJECT_CONVERSION = YES_AGGRESSIVE;
				CLANG_CXX_LANGUAGE_STANDARD = "gnu++20";
				CLANG_ENABLE_MODULES = YES;
				CLANG_ENABLE_OBJC_ARC = YES;
				CLANG_ENABLE_OBJC_WEAK = YES;
				CLANG_WARN_BLOCK_CAPTURE_AUTORELEASING = YES;
				CLANG_WARN_BOOL_CONVERSION = YES;
				CLANG_WARN_COMMA = YES;
				CLANG_WARN_CONSTANT_CONVERSION = YES;
				CLANG_WARN_DEPRECATED_OBJC_IMPLEMENTATIONS = YES;
				CLANG_WARN_DIRECT_OBJC_ISA_USAGE = YES_ERROR;
				CLANG_WARN_DOCUMENTATION_COMMENTS = YES;
				CLANG_WARN_EMPTY_BODY = YES;
				CLANG_WARN_ENUM_CONVERSION = YES;
				CLANG_WARN_INFINITE_RECURSION = YES;
				CLANG_WARN_INT_CONVERSION = YES;
				CLANG_WARN_NON_LITERAL_NULL_CONVERSION = YES;
				CLANG_WARN_OBJC_IMPLICIT_RETAIN_SELF = YES;
				CLANG_WARN_OBJC_LITERAL_CONVERSION = YES;
				CLANG_WARN_OBJC_ROOT_CLASS = YES_ERROR;
				CLANG_WARN_QUOTED_INCLUDE_IN_FRAMEWORK_HEADER = YES;
				CLANG_WARN_RANGE_LOOP_ANALYSIS = YES;
				CLANG_WARN_STRICT_PROTOTYPES = YES;
				CLANG_WARN_SUSPICIOUS_MOVE = YES;
				CLANG_WARN_UNGUARDED_AVAILABILITY = YES_AGGRESSIVE;
				CLANG_WARN_UNREACHABLE_CODE = YES;
				CLANG_WARN__DUPLICATE_METHOD_MATCH = YES;
				COPY_PHASE_STRIP = NO;
				DEBUG_INFORMATION_FORMAT = "dwarf-with-dsym";
				ENABLE_NS_ASSERTIONS = NO;
				ENABLE_STRICT_OBJC_MSGSEND = YES;
				ENABLE_USER_SCRIPT_SANDBOXING = YES;
				GCC_C_LANGUAGE_STANDARD = gnu17;
				GCC_NO_COMMON_BLOCKS = YES;
				GCC_WARN_64_TO_32_BIT_CONVERSION = YES;
				GCC_WARN_ABOUT_RETURN_TYPE = YES_ERROR;
				GCC_WARN_UNDECLARED_SELECTOR = YES;
				GCC_WARN_UNINITIALIZED_AUTOS = YES_AGGRESSIVE;
				GCC_WARN_UNUSED_FUNCTION = YES;
				GCC_WARN_UNUSED_VARIABLE = YES;
				IPHONEOS_DEPLOYMENT_TARGET = 17.5;
				LOCALIZATION_PREFERS_STRING_CATALOGS = YES;
				MTL_ENABLE_DEBUG_INFO = NO;
				MTL_FAST_MATH = YES;
				SDKROOT = iphoneos;
				SWIFT_COMPILATION_MODE = wholemodule;
				VALIDATE_PRODUCT = YES;
			};
			name = Release;
		};
		E97CC3542E0AEB1A007B702E /* Debug */ = {
			isa = XCBuildConfiguration;
			buildSettings = {
				ASSETCATALOG_COMPILER_APPICON_NAME = AppIcon;
				ASSETCATALOG_COMPILER_GLOBAL_ACCENT_COLOR_NAME = AccentColor;
				CODE_SIGN_STYLE = Automatic;
				CURRENT_PROJECT_VERSION = 1;
				DEVELOPMENT_ASSET_PATHS = "\"VisitList/Preview Content\"";
				DEVELOPMENT_TEAM = UQFSLKX8TP;
				ENABLE_PREVIEWS = YES;
				GENERATE_INFOPLIST_FILE = YES;
				INFOPLIST_KEY_NSLocationWhenInUseUsageDescription = "We need your location to show nearby places";
				INFOPLIST_KEY_UIApplicationSceneManifest_Generation = YES;
				INFOPLIST_KEY_UIApplicationSupportsIndirectInputEvents = YES;
				INFOPLIST_KEY_UILaunchScreen_Generation = YES;
				INFOPLIST_KEY_UISupportedInterfaceOrientations_iPad = "UIInterfaceOrientationPortrait UIInterfaceOrientationPortraitUpsideDown UIInterfaceOrientationLandscapeLeft UIInterfaceOrientationLandscapeRight";
				INFOPLIST_KEY_UISupportedInterfaceOrientations_iPhone = "UIInterfaceOrientationPortrait UIInterfaceOrientationLandscapeLeft UIInterfaceOrientationLandscapeRight";
				LD_RUNPATH_SEARCH_PATHS = (
					"$(inherited)",
					"@executable_path/Frameworks",
				);
				MARKETING_VERSION = 1.0;
				PRODUCT_BUNDLE_IDENTIFIER = tmt.com.VisitList;
				PRODUCT_NAME = "$(TARGET_NAME)";
				SWIFT_EMIT_LOC_STRINGS = YES;
				SWIFT_VERSION = 5.0;
				TARGETED_DEVICE_FAMILY = "1,2";
			};
			name = Debug;
		};
		E97CC3552E0AEB1A007B702E /* Release */ = {
			isa = XCBuildConfiguration;
			buildSettings = {
				ASSETCATALOG_COMPILER_APPICON_NAME = AppIcon;
				ASSETCATALOG_COMPILER_GLOBAL_ACCENT_COLOR_NAME = AccentColor;
				CODE_SIGN_STYLE = Automatic;
				CURRENT_PROJECT_VERSION = 1;
				DEVELOPMENT_ASSET_PATHS = "\"VisitList/Preview Content\"";
				DEVELOPMENT_TEAM = UQFSLKX8TP;
				ENABLE_PREVIEWS = YES;
				GENERATE_INFOPLIST_FILE = YES;
				INFOPLIST_KEY_NSLocationWhenInUseUsageDescription = "We need your location to show nearby places";
				INFOPLIST_KEY_UIApplicationSceneManifest_Generation = YES;
				INFOPLIST_KEY_UIApplicationSupportsIndirectInputEvents = YES;
				INFOPLIST_KEY_UILaunchScreen_Generation = YES;
				INFOPLIST_KEY_UISupportedInterfaceOrientations_iPad = "UIInterfaceOrientationPortrait UIInterfaceOrientationPortraitUpsideDown UIInterfaceOrientationLandscapeLeft UIInterfaceOrientationLandscapeRight";
				INFOPLIST_KEY_UISupportedInterfaceOrientations_iPhone = "UIInterfaceOrientationPortrait UIInterfaceOrientationLandscapeLeft UIInterfaceOrientationLandscapeRight";
				LD_RUNPATH_SEARCH_PATHS = (
					"$(inherited)",
					"@executable_path/Frameworks",
				);
				MARKETING_VERSION = 1.0;
				PRODUCT_BUNDLE_IDENTIFIER = tmt.com.VisitList;
				PRODUCT_NAME = "$(TARGET_NAME)";
				SWIFT_EMIT_LOC_STRINGS = YES;
				SWIFT_VERSION = 5.0;
				TARGETED_DEVICE_FAMILY = "1,2";
			};
			name = Release;
		};
		E97CC3572E0AEB1A007B702E /* Debug */ = {
			isa = XCBuildConfiguration;
			buildSettings = {
				ALWAYS_EMBED_SWIFT_STANDARD_LIBRARIES = YES;
				BUNDLE_LOADER = "$(TEST_HOST)";
				CODE_SIGN_STYLE = Automatic;
				CURRENT_PROJECT_VERSION = 1;
				DEVELOPMENT_TEAM = UQFSLKX8TP;
				GENERATE_INFOPLIST_FILE = YES;
				IPHONEOS_DEPLOYMENT_TARGET = 17.5;
				MARKETING_VERSION = 1.0;
				PRODUCT_BUNDLE_IDENTIFIER = tmt.com.VisitListTests;
				PRODUCT_NAME = "$(TARGET_NAME)";
				SWIFT_EMIT_LOC_STRINGS = NO;
				SWIFT_VERSION = 5.0;
				TARGETED_DEVICE_FAMILY = "1,2";
				TEST_HOST = "$(BUILT_PRODUCTS_DIR)/VisitList.app/$(BUNDLE_EXECUTABLE_FOLDER_PATH)/VisitList";
			};
			name = Debug;
		};
		E97CC3582E0AEB1A007B702E /* Release */ = {
			isa = XCBuildConfiguration;
			buildSettings = {
				ALWAYS_EMBED_SWIFT_STANDARD_LIBRARIES = YES;
				BUNDLE_LOADER = "$(TEST_HOST)";
				CODE_SIGN_STYLE = Automatic;
				CURRENT_PROJECT_VERSION = 1;
				DEVELOPMENT_TEAM = UQFSLKX8TP;
				GENERATE_INFOPLIST_FILE = YES;
				IPHONEOS_DEPLOYMENT_TARGET = 17.5;
				MARKETING_VERSION = 1.0;
				PRODUCT_BUNDLE_IDENTIFIER = tmt.com.VisitListTests;
				PRODUCT_NAME = "$(TARGET_NAME)";
				SWIFT_EMIT_LOC_STRINGS = NO;
				SWIFT_VERSION = 5.0;
				TARGETED_DEVICE_FAMILY = "1,2";
				TEST_HOST = "$(BUILT_PRODUCTS_DIR)/VisitList.app/$(BUNDLE_EXECUTABLE_FOLDER_PATH)/VisitList";
			};
			name = Release;
		};
		E97CC35A2E0AEB1A007B702E /* Debug */ = {
			isa = XCBuildConfiguration;
			buildSettings = {
				ALWAYS_EMBED_SWIFT_STANDARD_LIBRARIES = YES;
				CODE_SIGN_STYLE = Automatic;
				CURRENT_PROJECT_VERSION = 1;
				DEVELOPMENT_TEAM = UQFSLKX8TP;
				GENERATE_INFOPLIST_FILE = YES;
				MARKETING_VERSION = 1.0;
				PRODUCT_BUNDLE_IDENTIFIER = tmt.com.VisitListUITests;
				PRODUCT_NAME = "$(TARGET_NAME)";
				SWIFT_EMIT_LOC_STRINGS = NO;
				SWIFT_VERSION = 5.0;
				TARGETED_DEVICE_FAMILY = "1,2";
				TEST_TARGET_NAME = VisitList;
			};
			name = Debug;
		};
		E97CC35B2E0AEB1A007B702E /* Release */ = {
			isa = XCBuildConfiguration;
			buildSettings = {
				ALWAYS_EMBED_SWIFT_STANDARD_LIBRARIES = YES;
				CODE_SIGN_STYLE = Automatic;
				CURRENT_PROJECT_VERSION = 1;
				DEVELOPMENT_TEAM = UQFSLKX8TP;
				GENERATE_INFOPLIST_FILE = YES;
				MARKETING_VERSION = 1.0;
				PRODUCT_BUNDLE_IDENTIFIER = tmt.com.VisitListUITests;
				PRODUCT_NAME = "$(TARGET_NAME)";
				SWIFT_EMIT_LOC_STRINGS = NO;
				SWIFT_VERSION = 5.0;
				TARGETED_DEVICE_FAMILY = "1,2";
				TEST_TARGET_NAME = VisitList;
			};
			name = Release;
		};
/* End XCBuildConfiguration section */

/* Begin XCConfigurationList section */
		E97CC3282E0AEB14007B702E /* Build configuration list for PBXProject "VisitList" */ = {
			isa = XCConfigurationList;
			buildConfigurations = (
				E97CC3512E0AEB1A007B702E /* Debug */,
				E97CC3522E0AEB1A007B702E /* Release */,
			);
			defaultConfigurationIsVisible = 0;
			defaultConfigurationName = Release;
		};
		E97CC3532E0AEB1A007B702E /* Build configuration list for PBXNativeTarget "VisitList" */ = {
			isa = XCConfigurationList;
			buildConfigurations = (
				E97CC3542E0AEB1A007B702E /* Debug */,
				E97CC3552E0AEB1A007B702E /* Release */,
			);
			defaultConfigurationIsVisible = 0;
			defaultConfigurationName = Release;
		};
		E97CC3562E0AEB1A007B702E /* Build configuration list for PBXNativeTarget "VisitListTests" */ = {
			isa = XCConfigurationList;
			buildConfigurations = (
				E97CC3572E0AEB1A007B702E /* Debug */,
				E97CC3582E0AEB1A007B702E /* Release */,
			);
			defaultConfigurationIsVisible = 0;
			defaultConfigurationName = Release;
		};
		E97CC3592E0AEB1A007B702E /* Build configuration list for PBXNativeTarget "VisitListUITests" */ = {
			isa = XCConfigurationList;
			buildConfigurations = (
				E97CC35A2E0AEB1A007B702E /* Debug */,
				E97CC35B2E0AEB1A007B702E /* Release */,
			);
			defaultConfigurationIsVisible = 0;
			defaultConfigurationName = Release;
		};
/* End XCConfigurationList section */

/* Begin XCRemoteSwiftPackageReference section */
		E9715A182E25933C008D0B4F /* XCRemoteSwiftPackageReference "MCEmojiPicker" */ = {
			isa = XCRemoteSwiftPackageReference;
			repositoryURL = "https://github.com/izyumkin/MCEmojiPicker.git";
			requirement = {
				kind = upToNextMajorVersion;
				minimumVersion = 1.2.5;
			};
		};
/* End XCRemoteSwiftPackageReference section */

/* Begin XCSwiftPackageProductDependency section */
		E9715A192E25933C008D0B4F /* MCEmojiPicker */ = {
			isa = XCSwiftPackageProductDependency;
			package = E9715A182E25933C008D0B4F /* XCRemoteSwiftPackageReference "MCEmojiPicker" */;
			productName = MCEmojiPicker;
		};
		E9715A1B2E25933C008D0B4F /* MCEmojiPickerJSON */ = {
			isa = XCSwiftPackageProductDependency;
			package = E9715A182E25933C008D0B4F /* XCRemoteSwiftPackageReference "MCEmojiPicker" */;
			productName = MCEmojiPickerJSON;
		};
/* End XCSwiftPackageProductDependency section */
	};
	rootObject = E97CC3252E0AEB14007B702E /* Project object */;
}
